
Microsoft Visual Studio Solution File, Format Version 12.00
# Visual Studio 15
VisualStudioVersion = 15.0.28307.102
MinimumVisualStudioVersion = 10.0.40219.1
Project("{9A19103F-16F7-4668-BE54-9A1E7A4F7556}") = "ApiServerOne", "ApiServerOne\ApiServerOne.csproj", "{6E272C7A-C2F8-4CD9-B44C-5A8BC93A3067}"
EndProject
Project("{9A19103F-16F7-4668-BE54-9A1E7A4F7556}") = "ApiServerTwo", "ApiServerTwo\ApiServerTwo.csproj", "{4881B1A2-F275-40F6-A5E8-42E7A7418241}"
EndProject
Project("{9A19103F-16F7-4668-BE54-9A1E7A4F7556}") = "WebGateApi", "WebGateApi\WebGateApi.csproj", "{B54F1686-1EF4-4E45-B568-3FB0C0BE223E}"
EndProject
Project("{9A19103F-16F7-4668-BE54-9A1E7A4F7556}") = "IdentityService", "IdentityService\IdentityService.csproj", "{B659BCFF-B311-426B-89EC-5D61C99BC1EB}"
EndProject
Project("{9A19103F-16F7-4668-BE54-9A1E7A4F7556}") = "MissionService", "MissionService\MissionService.csproj", "{A4823662-AACA-42CB-B85E-8F5726A36FC4}"
EndProject
Project("{9A19103F-16F7-4668-BE54-9A1E7A4F7556}") = "ClientConsoleApp", "ClientConsoleApp\ClientConsoleApp.csproj", "{FC369DF6-8A3C-48CE-A7D7-7F7E0DB41EAA}"
EndProject
Project("{FAE04EC0-301F-11D3-BF4B-00C04F79EFBC}") = "UserAuthenticationQuickStartUI", "UserAuthenticationQuickStartUI\UserAuthenticationQuickStartUI.csproj", "{06D0BEFC-6B61-437A-B494-361F81A17AE1}"
EndProject
Project("{FAE04EC0-301F-11D3-BF4B-00C04F79EFBC}") = "ReactTest", "ReactTest\ReactTest.csproj", "{41B2C6B4-09BE-4C57-9680-07612530488D}"
EndProject
Global
	GlobalSection(SolutionConfigurationPlatforms) = preSolution
		Debug|Any CPU = Debug|Any CPU
		Release|Any CPU = Release|Any CPU
	EndGlobalSection
	GlobalSection(ProjectConfigurationPlatforms) = postSolution
		{6E272C7A-C2F8-4CD9-B44C-5A8BC93A3067}.Debug|Any CPU.ActiveCfg = Debug|Any CPU
		{6E272C7A-C2F8-4CD9-B44C-5A8BC93A3067}.Debug|Any CPU.Build.0 = Debug|Any CPU
		{6E272C7A-C2F8-4CD9-B44C-5A8BC93A3067}.Release|Any CPU.ActiveCfg = Release|Any CPU
		{6E272C7A-C2F8-4CD9-B44C-5A8BC93A3067}.Release|Any CPU.Build.0 = Release|Any CPU
		{4881B1A2-F275-40F6-A5E8-42E7A7418241}.Debug|Any CPU.ActiveCfg = Debug|Any CPU
		{4881B1A2-F275-40F6-A5E8-42E7A7418241}.Debug|Any CPU.Build.0 = Debug|Any CPU
		{4881B1A2-F275-40F6-A5E8-42E7A7418241}.Release|Any CPU.ActiveCfg = Release|Any CPU
		{4881B1A2-F275-40F6-A5E8-42E7A7418241}.Release|Any CPU.Build.0 = Release|Any CPU
		{B54F1686-1EF4-4E45-B568-3FB0C0BE223E}.Debug|Any CPU.ActiveCfg = Debug|Any CPU
		{B54F1686-1EF4-4E45-B568-3FB0C0BE223E}.Debug|Any CPU.Build.0 = Debug|Any CPU
		{B54F1686-1EF4-4E45-B568-3FB0C0BE223E}.Release|Any CPU.ActiveCfg = Release|Any CPU
		{B54F1686-1EF4-4E45-B568-3FB0C0BE223E}.Release|Any CPU.Build.0 = Release|Any CPU
		{B659BCFF-B311-426B-89EC-5D61C99BC1EB}.Debug|Any CPU.ActiveCfg = Debug|Any CPU
		{B659BCFF-B311-426B-89EC-5D61C99BC1EB}.Debug|Any CPU.Build.0 = Debug|Any CPU
		{B659BCFF-B311-426B-89EC-5D61C99BC1EB}.Release|Any CPU.ActiveCfg = Release|Any CPU
		{B659BCFF-B311-426B-89EC-5D61C99BC1EB}.Release|Any CPU.Build.0 = Release|Any CPU
		{A4823662-AACA-42CB-B85E-8F5726A36FC4}.Debug|Any CPU.ActiveCfg = Debug|Any CPU
		{A4823662-AACA-42CB-B85E-8F5726A36FC4}.Debug|Any CPU.Build.0 = Debug|Any CPU
		{A4823662-AACA-42CB-B85E-8F5726A36FC4}.Release|Any CPU.ActiveCfg = Release|Any CPU
		{A4823662-AACA-42CB-B85E-8F5726A36FC4}.Release|Any CPU.Build.0 = Release|Any CPU
		{FC369DF6-8A3C-48CE-A7D7-7F7E0DB41EAA}.Debug|Any CPU.ActiveCfg = Debug|Any CPU
		{FC369DF6-8A3C-48CE-A7D7-7F7E0DB41EAA}.Debug|Any CPU.Build.0 = Debug|Any CPU
		{FC369DF6-8A3C-48CE-A7D7-7F7E0DB41EAA}.Release|Any CPU.ActiveCfg = Release|Any CPU
		{FC369DF6-8A3C-48CE-A7D7-7F7E0DB41EAA}.Release|Any CPU.Build.0 = Release|Any CPU
		{06D0BEFC-6B61-437A-B494-361F81A17AE1}.Debug|Any CPU.ActiveCfg = Debug|Any CPU
		{06D0BEFC-6B61-437A-B494-361F81A17AE1}.Debug|Any CPU.Build.0 = Debug|Any CPU
		{06D0BEFC-6B61-437A-B494-361F81A17AE1}.Release|Any CPU.ActiveCfg = Release|Any CPU
		{06D0BEFC-6B61-437A-B494-361F81A17AE1}.Release|Any CPU.Build.0 = Release|Any CPU
		{41B2C6B4-09BE-4C57-9680-07612530488D}.Debug|Any CPU.ActiveCfg = Debug|Any CPU
		{41B2C6B4-09BE-4C57-9680-07612530488D}.Debug|Any CPU.Build.0 = Debug|Any CPU
		{41B2C6B4-09BE-4C57-9680-07612530488D}.Release|Any CPU.ActiveCfg = Release|Any CPU
		{41B2C6B4-09BE-4C57-9680-07612530488D}.Release|Any CPU.Build.0 = Release|Any CPU
	EndGlobalSection
	GlobalSection(SolutionProperties) = preSolution
		HideSolutionNode = FALSE
	EndGlobalSection
	GlobalSection(ExtensibilityGlobals) = postSolution
		SolutionGuid = {A851379A-98C5-4ADF-8DB7-DAB66ACE5FA1}
	EndGlobalSection
EndGlobal
