
Microsoft Visual Studio Solution File, Format Version 12.00
# Visual Studio 15
VisualStudioVersion = 15.0.28307.102
MinimumVisualStudioVersion = 10.0.40219.1
Project("{FAE04EC0-301F-11D3-BF4B-00C04F79EFBC}") = "ApiServerOne", "ApiServerOne\ApiServerOne.csproj", "{6E272C7A-C2F8-4CD9-B44C-5A8BC93A3067}"
EndProject
Project("{FAE04EC0-301F-11D3-BF4B-00C04F79EFBC}") = "ApiServerTwo", "ApiServerTwo\ApiServerTwo.csproj", "{4881B1A2-F275-40F6-A5E8-42E7A7418241}"
EndProject
Project("{FAE04EC0-301F-11D3-BF4B-00C04F79EFBC}") = "WebGateApi", "WebGateApi\WebGateApi.csproj", "{B54F1686-1EF4-4E45-B568-3FB0C0BE223E}"
EndProject
Global
	GlobalSection(SolutionConfigurationPlatforms) = preSolution
		Debug|Any CPU = Debug|Any CPU
		Release|Any CPU = Release|Any CPU
	EndGlobalSection
	GlobalSection(ProjectConfigurationPlatforms) = postSolution
		{6E272C7A-C2F8-4CD9-B44C-5A8BC93A3067}.Debug|Any CPU.ActiveCfg = Debug|Any CPU
		{6E272C7A-C2F8-4CD9-B44C-5A8BC93A3067}.Debug|Any CPU.Build.0 = Debug|Any CPU
		{6E272C7A-C2F8-4CD9-B44C-5A8BC93A3067}.Release|Any CPU.ActiveCfg = Release|Any CPU
		{6E272C7A-C2F8-4CD9-B44C-5A8BC93A3067}.Release|Any CPU.Build.0 = Release|Any CPU
		{4881B1A2-F275-40F6-A5E8-42E7A7418241}.Debug|Any CPU.ActiveCfg = Debug|Any CPU
		{4881B1A2-F275-40F6-A5E8-42E7A7418241}.Debug|Any CPU.Build.0 = Debug|Any CPU
		{4881B1A2-F275-40F6-A5E8-42E7A7418241}.Release|Any CPU.ActiveCfg = Release|Any CPU
		{4881B1A2-F275-40F6-A5E8-42E7A7418241}.Release|Any CPU.Build.0 = Release|Any CPU
		{B54F1686-1EF4-4E45-B568-3FB0C0BE223E}.Debug|Any CPU.ActiveCfg = Debug|Any CPU
		{B54F1686-1EF4-4E45-B568-3FB0C0BE223E}.Debug|Any CPU.Build.0 = Debug|Any CPU
		{B54F1686-1EF4-4E45-B568-3FB0C0BE223E}.Release|Any CPU.ActiveCfg = Release|Any CPU
		{B54F1686-1EF4-4E45-B568-3FB0C0BE223E}.Release|Any CPU.Build.0 = Release|Any CPU
	EndGlobalSection
	GlobalSection(SolutionProperties) = preSolution
		HideSolutionNode = FALSE
	EndGlobalSection
	GlobalSection(ExtensibilityGlobals) = postSolution
		SolutionGuid = {A851379A-98C5-4ADF-8DB7-DAB66ACE5FA1}
	EndGlobalSection
EndGlobal
